
Microsoft Visual Studio Solution File, Format Version 12.00
# Visual Studio Version 17
VisualStudioVersion = 17.10.35004.147
MinimumVisualStudioVersion = 10.0.40219.1
Project("{FAE04EC0-301F-11D3-BF4B-00C04F79EFBC}") = "SelectionSort", "SelectionSort\SelectionSort.csproj", "{380B254A-5353-4C8F-8F07-B3ED17CEE910}"
EndProject
Global
	GlobalSection(SolutionConfigurationPlatforms) = preSolution
		Debug|Any CPU = Debug|Any CPU
		Release|Any CPU = Release|Any CPU
	EndGlobalSection
	GlobalSection(ProjectConfigurationPlatforms) = postSolution
		{380B254A-5353-4C8F-8F07-B3ED17CEE910}.Debug|Any CPU.ActiveCfg = Debug|Any CPU
		{380B254A-5353-4C8F-8F07-B3ED17CEE910}.Debug|Any CPU.Build.0 = Debug|Any CPU
		{380B254A-5353-4C8F-8F07-B3ED17CEE910}.Release|Any CPU.ActiveCfg = Release|Any CPU
		{380B254A-5353-4C8F-8F07-B3ED17CEE910}.Release|Any CPU.Build.0 = Release|Any CPU
	EndGlobalSection
	GlobalSection(SolutionProperties) = preSolution
		HideSolutionNode = FALSE
	EndGlobalSection
	GlobalSection(ExtensibilityGlobals) = postSolution
		SolutionGuid = {E29F71CE-14B1-4774-A99E-A8F03404C79D}
	EndGlobalSection
EndGlobal
